
Microsoft Visual Studio Solution File, Format Version 12.00
# Visual Studio Version 17
VisualStudioVersion = 17.5.002.0
MinimumVisualStudioVersion = 10.0.40219.1
Project("{9A19103F-16F7-4668-BE54-9A1E7A4F7556}") = "Game", "Game.csproj", "{CFCB684F-CB6C-4C23-8B56-F9A872DC81A9}"
EndProject
Global
	GlobalSection(SolutionConfigurationPlatforms) = preSolution
		Debug|Any CPU = Debug|Any CPU
		Release|Any CPU = Release|Any CPU
	EndGlobalSection
	GlobalSection(ProjectConfigurationPlatforms) = postSolution
		{CFCB684F-CB6C-4C23-8B56-F9A872DC81A9}.Debug|Any CPU.ActiveCfg = Debug|Any CPU
		{CFCB684F-CB6C-4C23-8B56-F9A872DC81A9}.Debug|Any CPU.Build.0 = Debug|Any CPU
		{CFCB684F-CB6C-4C23-8B56-F9A872DC81A9}.Release|Any CPU.ActiveCfg = Release|Any CPU
		{CFCB684F-CB6C-4C23-8B56-F9A872DC81A9}.Release|Any CPU.Build.0 = Release|Any CPU
	EndGlobalSection
	GlobalSection(SolutionProperties) = preSolution
		HideSolutionNode = FALSE
	EndGlobalSection
	GlobalSection(ExtensibilityGlobals) = postSolution
		SolutionGuid = {1F2E7BD5-557A-4B7A-AAE4-BDA6005E7528}
	EndGlobalSection
EndGlobal
