
Microsoft Visual Studio Solution File, Format Version 12.00
# Visual Studio Version 17
VisualStudioVersion = 17.5.002.0
MinimumVisualStudioVersion = 10.0.40219.1
Project("{9A19103F-16F7-4668-BE54-9A1E7A4F7556}") = "RideMaker", "RideMaker.csproj", "{325D6383-E887-409D-9C1F-301C0E803881}"
EndProject
Global
	GlobalSection(SolutionConfigurationPlatforms) = preSolution
		Debug|Any CPU = Debug|Any CPU
		Release|Any CPU = Release|Any CPU
	EndGlobalSection
	GlobalSection(ProjectConfigurationPlatforms) = postSolution
		{325D6383-E887-409D-9C1F-301C0E803881}.Debug|Any CPU.ActiveCfg = Debug|Any CPU
		{325D6383-E887-409D-9C1F-301C0E803881}.Debug|Any CPU.Build.0 = Debug|Any CPU
		{325D6383-E887-409D-9C1F-301C0E803881}.Release|Any CPU.ActiveCfg = Release|Any CPU
		{325D6383-E887-409D-9C1F-301C0E803881}.Release|Any CPU.Build.0 = Release|Any CPU
	EndGlobalSection
	GlobalSection(SolutionProperties) = preSolution
		HideSolutionNode = FALSE
	EndGlobalSection
	GlobalSection(ExtensibilityGlobals) = postSolution
		SolutionGuid = {F1D1025E-CD54-48DD-8922-5D6191B029A3}
	EndGlobalSection
EndGlobal
